PODS:
  - JBChartView (2.9.1)
  - RxAtomic (4.4.0)
  - RxCocoa (4.4.0):
    - RxSwift (~> 4.0)
  - RxEasing (2.5.0):
    - RxSwift (~> 4.4)
  - RxOptional (3.6.2):
    - RxCocoa (~> 4.0)
    - RxSwift (~> 4.0)
  - RxSwift (4.4.0):
    - RxAtomic (~> 4.4)

DEPENDENCIES:
  - JBChartView (~> 2.8)
  - RxCocoa (~> 4.4)
  - RxEasing (from `../`)
  - RxOptional (~> 3.6)

SPEC REPOS:
  https://github.com/cocoapods/specs.git:
    - JBChartView
    - RxAtomic
    - RxCocoa
    - RxOptional
    - RxSwift

EXTERNAL SOURCES:
  RxEasing:
    :path: "../"

SPEC CHECKSUMS:
  JBChartView: ca18e487c3d3ee68753716d41b260106e2859f63
  RxAtomic: eacf60db868c96bfd63320e28619fe29c179656f
  RxCocoa: df63ebf7b9a70d6b4eeea407ed5dd4efc8979749
  RxEasing: 35c030d1f0c3b30a8c0d5654723466e2133cd082
  RxOptional: 80426a0ddbd092573e4c482d8cc13302078c4d5e
  RxSwift: 5976ecd04fc2fefd648827c23de5e11157faa973

PODFILE CHECKSUM: cb3863a84009c89d809e0ce2a7e1c54691ceb8c1

COCOAPODS: 1.5.3
